<?xml version="1.0" encoding="utf-8"?>
<Project ToolsVersion="4.0" xmlns="http://schemas.microsoft.com/developer/msbuild/2003">
  <ItemGroup>
    <Filter Include="Source Files">
      <UniqueIdentifier>{4FC737F1-C7A5-4376-A066-2A32D752A2FF}</UniqueIdentifier>
      <Extensions>cpp;c;cc;cxx;def;odl;idl;hpj;bat;asm;asmx</Extensions>
    </Filter>
    <Filter Include="Header Files">
      <UniqueIdentifier>{93995380-89BD-4b04-88EB-625FBE52EBFB}</UniqueIdentifier>
      <Extensions>h;hh;hpp;hxx;hm;inl;inc;xsd</Extensions>
    </Filter>
    <Filter Include="Resource Files">
      <UniqueIdentifier>{67DA6AB6-F800-4c08-8B7A-83BB121AAD01}</UniqueIdentifier>
      <Extensions>rc;ico;cur;bmp;dlg;rc2;rct;bin;rgs;gif;jpg;jpeg;jpe;resx;tiff;tif;png;wav;mfcribbon-ms</Extensions>
    </Filter>
  </ItemGroup>
  <ItemGroup>
    <ClInclude Include="..\src\ast.h">
      <Filter>Header Files</Filter>
    </ClInclude>
    <ClInclude Include="..\src\driver.h">
      <Filter>Header Files</Filter>
    </ClInclude>
    <ClInclude Include="..\src\testtree.h">
      <Filter>Header Files</Filter>
    </ClInclude>
    <ClInclude Include="..\src\tree.h">
      <Filter>Header Files</Filter>
    </ClInclude>
    <ClInclude Include="..\compiler_semantics\classInheritance.h">
      <Filter>Header Files</Filter>
    </ClInclude>
    <ClInclude Include="..\compiler_semantics\scoping.h">
      <Filter>Header Files</Filter>
    </ClInclude>
    <ClInclude Include="..\compiler_semantics\semant.h">
      <Filter>Header Files</Filter>
    </ClInclude>
    <ClInclude Include="..\compiler_parser\cool.tab.h">
      <Filter>Header Files</Filter>
    </ClInclude>
    <ClInclude Include="..\compiler_semantics\symbolTable.h">
      <Filter>Header Files</Filter>
    </ClInclude>
    <ClInclude Include="..\compiler_semantics\typeCheck.h">
      <Filter>Header Files</Filter>
    </ClInclude>
    <ClInclude Include="..\compiler_codegen\codegen.h">
      <Filter>Header Files</Filter>
    </ClInclude>
    <ClInclude Include="..\compiler_codegen\linearIR.h">
      <Filter>Header Files</Filter>
    </ClInclude>
    <ClInclude Include="..\compiler_codegen\vTable.h">
      <Filter>Header Files</Filter>
    </ClInclude>
    <ClInclude Include="..\compiler_codegen\InstructionList.h">
      <Filter>Header Files</Filter>
    </ClInclude>
  </ItemGroup>
  <ItemGroup>
    <ClCompile Include="..\src\ast.cpp">
      <Filter>Source Files</Filter>
    </ClCompile>
    <ClCompile Include="..\src\driver.cpp">
      <Filter>Source Files</Filter>
    </ClCompile>
    <ClCompile Include="..\src\tree.cpp">
      <Filter>Source Files</Filter>
    </ClCompile>
    <ClCompile Include="..\compiler_semantics\classInheritance.cpp">
      <Filter>Source Files</Filter>
    </ClCompile>
    <ClCompile Include="..\compiler_semantics\scoping.cpp">
      <Filter>Source Files</Filter>
    </ClCompile>
    <ClCompile Include="..\compiler_semantics\semant.cpp">
      <Filter>Source Files</Filter>
    </ClCompile>
    <ClCompile Include="..\compiler_parser\cool.tab.cpp">
      <Filter>Source Files</Filter>
    </ClCompile>
    <ClCompile Include="..\compiler_scanner\cool.flex.cpp">
      <Filter>Source Files</Filter>
    </ClCompile>
    <ClCompile Include="..\compiler_semantics\symbolTable.cpp">
      <Filter>Source Files</Filter>
    </ClCompile>
    <ClCompile Include="..\compiler_semantics\typeCheck.cpp">
      <Filter>Source Files</Filter>
    </ClCompile>
    <ClCompile Include="..\compiler_codegen\vTable.cpp">
      <Filter>Source Files</Filter>
    </ClCompile>
    <ClCompile Include="..\compiler_codegen\codegen.cpp">
      <Filter>Source Files</Filter>
    </ClCompile>
    <ClCompile Include="..\compiler_codegen\linearIR.cpp">
      <Filter>Source Files</Filter>
    </ClCompile>
    <ClCompile Include="..\compiler_codegen\InstructionList.cpp">
      <Filter>Source Files</Filter>
    </ClCompile>
  </ItemGroup>
  <ItemGroup>
    <Flex Include="..\compiler_scanner\cool.l" />
  </ItemGroup>
  <ItemGroup>
    <Bison Include="..\compiler_parser\cool.ypp" />
  </ItemGroup>
</Project>